
Microsoft Visual Studio Solution File, Format Version 12.00
# Visual Studio Version 16
VisualStudioVersion = 16.0.30503.244
MinimumVisualStudioVersion = 10.0.40219.1
Project("{9A19103F-16F7-4668-BE54-9A1E7A4F7556}") = "RFID_Sick_Reader", "RFID_Sick_Reader\RFID_Sick_Reader.csproj", "{A1EB8D80-14D9-469F-BDA5-98CF55587338}"
EndProject
Project("{FAE04EC0-301F-11D3-BF4B-00C04F79EFBC}") = "RFID_Sick_Emulator", "RFID_Sick_Emulator\RFID_Sick_Emulator.csproj", "{7839A582-F0AA-4221-B700-6270C2BD3DFD}"
EndProject
Global
	GlobalSection(SolutionConfigurationPlatforms) = preSolution
		Debug|Any CPU = Debug|Any CPU
		Release|Any CPU = Release|Any CPU
	EndGlobalSection
	GlobalSection(ProjectConfigurationPlatforms) = postSolution
		{A1EB8D80-14D9-469F-BDA5-98CF55587338}.Debug|Any CPU.ActiveCfg = Debug|Any CPU
		{A1EB8D80-14D9-469F-BDA5-98CF55587338}.Debug|Any CPU.Build.0 = Debug|Any CPU
		{A1EB8D80-14D9-469F-BDA5-98CF55587338}.Release|Any CPU.ActiveCfg = Release|Any CPU
		{A1EB8D80-14D9-469F-BDA5-98CF55587338}.Release|Any CPU.Build.0 = Release|Any CPU
		{7839A582-F0AA-4221-B700-6270C2BD3DFD}.Debug|Any CPU.ActiveCfg = Debug|Any CPU
		{7839A582-F0AA-4221-B700-6270C2BD3DFD}.Debug|Any CPU.Build.0 = Debug|Any CPU
		{7839A582-F0AA-4221-B700-6270C2BD3DFD}.Release|Any CPU.ActiveCfg = Release|Any CPU
		{7839A582-F0AA-4221-B700-6270C2BD3DFD}.Release|Any CPU.Build.0 = Release|Any CPU
	EndGlobalSection
	GlobalSection(SolutionProperties) = preSolution
		HideSolutionNode = FALSE
	EndGlobalSection
	GlobalSection(ExtensibilityGlobals) = postSolution
		SolutionGuid = {52913F19-5E3D-4BA6-876A-ACD4F6512A16}
	EndGlobalSection
EndGlobal
